
Microsoft Visual Studio Solution File, Format Version 12.00
# Visual Studio Version 16
VisualStudioVersion = 16.0.30320.27
MinimumVisualStudioVersion = 10.0.40219.1
Project("{FAE04EC0-301F-11D3-BF4B-00C04F79EFBC}") = "GraphQL.Api", "GraphQL.Api\GraphQL.Api.csproj", "{789C7520-0669-4A7F-804D-D9BF720EF970}"
EndProject
Global
	GlobalSection(SolutionConfigurationPlatforms) = preSolution
		Debug|Any CPU = Debug|Any CPU
		Release|Any CPU = Release|Any CPU
	EndGlobalSection
	GlobalSection(ProjectConfigurationPlatforms) = postSolution
		{789C7520-0669-4A7F-804D-D9BF720EF970}.Debug|Any CPU.ActiveCfg = Debug|Any CPU
		{789C7520-0669-4A7F-804D-D9BF720EF970}.Debug|Any CPU.Build.0 = Debug|Any CPU
		{789C7520-0669-4A7F-804D-D9BF720EF970}.Release|Any CPU.ActiveCfg = Release|Any CPU
		{789C7520-0669-4A7F-804D-D9BF720EF970}.Release|Any CPU.Build.0 = Release|Any CPU
	EndGlobalSection
	GlobalSection(SolutionProperties) = preSolution
		HideSolutionNode = FALSE
	EndGlobalSection
	GlobalSection(ExtensibilityGlobals) = postSolution
		SolutionGuid = {01F9A394-23C3-4D11-BFAC-10A520C8A85F}
	EndGlobalSection
EndGlobal
